
Microsoft Visual Studio Solution File, Format Version 12.00
# Visual Studio Version 16
VisualStudioVersion = 16.0.29728.190
MinimumVisualStudioVersion = 10.0.40219.1
Project("{888888A0-9F3D-457C-B088-3A5042F75D52}") = "Interpolating", "Interpolating\Interpolating.pyproj", "{4BD6D054-9E33-4390-9EA5-3A042C863141}"
EndProject
Global
	GlobalSection(SolutionConfigurationPlatforms) = preSolution
		Debug|Any CPU = Debug|Any CPU
		Release|Any CPU = Release|Any CPU
	EndGlobalSection
	GlobalSection(ProjectConfigurationPlatforms) = postSolution
		{4BD6D054-9E33-4390-9EA5-3A042C863141}.Debug|Any CPU.ActiveCfg = Debug|Any CPU
		{4BD6D054-9E33-4390-9EA5-3A042C863141}.Release|Any CPU.ActiveCfg = Release|Any CPU
	EndGlobalSection
	GlobalSection(SolutionProperties) = preSolution
		HideSolutionNode = FALSE
	EndGlobalSection
	GlobalSection(ExtensibilityGlobals) = postSolution
		SolutionGuid = {35E6DBCA-230B-42E5-8BF2-E1BD988B2FD1}
	EndGlobalSection
EndGlobal
